
Microsoft Visual Studio Solution File, Format Version 12.00
# Visual Studio Version 16
VisualStudioVersion = 16.6.30114.105
MinimumVisualStudioVersion = 10.0.40219.1
Project("{9A19103F-16F7-4668-BE54-9A1E7A4F7556}") = "DockerQuickStart", "DockerQuickStart\DockerQuickStart.csproj", "{87C89B21-7F9E-4512-AAF4-8276BBABC3EC}"
EndProject
Project("{9A19103F-16F7-4668-BE54-9A1E7A4F7556}") = "DockerQuickStart.Tests", "DockerQuickStart.Tests\DockerQuickStart.Tests.csproj", "{1284B534-83E5-47E3-A8DF-9FF7FA0EE2AE}"
EndProject
Project("{FAE04EC0-301F-11D3-BF4B-00C04F79EFBC}") = "DockerQuickStart.DataAccess", "DockerQuickStart.DataAccess\DockerQuickStart.DataAccess.csproj", "{99C6D319-9D79-46DB-8A29-2B770574B4D5}"
EndProject
Global
	GlobalSection(SolutionConfigurationPlatforms) = preSolution
		Debug|Any CPU = Debug|Any CPU
		Debug|x64 = Debug|x64
		Debug|x86 = Debug|x86
		Release|Any CPU = Release|Any CPU
		Release|x64 = Release|x64
		Release|x86 = Release|x86
	EndGlobalSection
	GlobalSection(ProjectConfigurationPlatforms) = postSolution
		{87C89B21-7F9E-4512-AAF4-8276BBABC3EC}.Debug|Any CPU.ActiveCfg = Debug|Any CPU
		{87C89B21-7F9E-4512-AAF4-8276BBABC3EC}.Debug|Any CPU.Build.0 = Debug|Any CPU
		{87C89B21-7F9E-4512-AAF4-8276BBABC3EC}.Debug|x64.ActiveCfg = Debug|Any CPU
		{87C89B21-7F9E-4512-AAF4-8276BBABC3EC}.Debug|x64.Build.0 = Debug|Any CPU
		{87C89B21-7F9E-4512-AAF4-8276BBABC3EC}.Debug|x86.ActiveCfg = Debug|Any CPU
		{87C89B21-7F9E-4512-AAF4-8276BBABC3EC}.Debug|x86.Build.0 = Debug|Any CPU
		{87C89B21-7F9E-4512-AAF4-8276BBABC3EC}.Release|Any CPU.ActiveCfg = Release|Any CPU
		{87C89B21-7F9E-4512-AAF4-8276BBABC3EC}.Release|Any CPU.Build.0 = Release|Any CPU
		{87C89B21-7F9E-4512-AAF4-8276BBABC3EC}.Release|x64.ActiveCfg = Release|Any CPU
		{87C89B21-7F9E-4512-AAF4-8276BBABC3EC}.Release|x64.Build.0 = Release|Any CPU
		{87C89B21-7F9E-4512-AAF4-8276BBABC3EC}.Release|x86.ActiveCfg = Release|Any CPU
		{87C89B21-7F9E-4512-AAF4-8276BBABC3EC}.Release|x86.Build.0 = Release|Any CPU
		{1284B534-83E5-47E3-A8DF-9FF7FA0EE2AE}.Debug|Any CPU.ActiveCfg = Debug|Any CPU
		{1284B534-83E5-47E3-A8DF-9FF7FA0EE2AE}.Debug|Any CPU.Build.0 = Debug|Any CPU
		{1284B534-83E5-47E3-A8DF-9FF7FA0EE2AE}.Debug|x64.ActiveCfg = Debug|Any CPU
		{1284B534-83E5-47E3-A8DF-9FF7FA0EE2AE}.Debug|x64.Build.0 = Debug|Any CPU
		{1284B534-83E5-47E3-A8DF-9FF7FA0EE2AE}.Debug|x86.ActiveCfg = Debug|Any CPU
		{1284B534-83E5-47E3-A8DF-9FF7FA0EE2AE}.Debug|x86.Build.0 = Debug|Any CPU
		{1284B534-83E5-47E3-A8DF-9FF7FA0EE2AE}.Release|Any CPU.ActiveCfg = Release|Any CPU
		{1284B534-83E5-47E3-A8DF-9FF7FA0EE2AE}.Release|Any CPU.Build.0 = Release|Any CPU
		{1284B534-83E5-47E3-A8DF-9FF7FA0EE2AE}.Release|x64.ActiveCfg = Release|Any CPU
		{1284B534-83E5-47E3-A8DF-9FF7FA0EE2AE}.Release|x64.Build.0 = Release|Any CPU
		{1284B534-83E5-47E3-A8DF-9FF7FA0EE2AE}.Release|x86.ActiveCfg = Release|Any CPU
		{1284B534-83E5-47E3-A8DF-9FF7FA0EE2AE}.Release|x86.Build.0 = Release|Any CPU
		{99C6D319-9D79-46DB-8A29-2B770574B4D5}.Debug|Any CPU.ActiveCfg = Debug|Any CPU
		{99C6D319-9D79-46DB-8A29-2B770574B4D5}.Debug|Any CPU.Build.0 = Debug|Any CPU
		{99C6D319-9D79-46DB-8A29-2B770574B4D5}.Debug|x64.ActiveCfg = Debug|Any CPU
		{99C6D319-9D79-46DB-8A29-2B770574B4D5}.Debug|x64.Build.0 = Debug|Any CPU
		{99C6D319-9D79-46DB-8A29-2B770574B4D5}.Debug|x86.ActiveCfg = Debug|Any CPU
		{99C6D319-9D79-46DB-8A29-2B770574B4D5}.Debug|x86.Build.0 = Debug|Any CPU
		{99C6D319-9D79-46DB-8A29-2B770574B4D5}.Release|Any CPU.ActiveCfg = Release|Any CPU
		{99C6D319-9D79-46DB-8A29-2B770574B4D5}.Release|Any CPU.Build.0 = Release|Any CPU
		{99C6D319-9D79-46DB-8A29-2B770574B4D5}.Release|x64.ActiveCfg = Release|Any CPU
		{99C6D319-9D79-46DB-8A29-2B770574B4D5}.Release|x64.Build.0 = Release|Any CPU
		{99C6D319-9D79-46DB-8A29-2B770574B4D5}.Release|x86.ActiveCfg = Release|Any CPU
		{99C6D319-9D79-46DB-8A29-2B770574B4D5}.Release|x86.Build.0 = Release|Any CPU
	EndGlobalSection
	GlobalSection(SolutionProperties) = preSolution
		HideSolutionNode = FALSE
	EndGlobalSection
	GlobalSection(ExtensibilityGlobals) = postSolution
		SolutionGuid = {14440401-048D-44F9-B241-133A8F3051F4}
	EndGlobalSection
EndGlobal
